// !$*UTF8*$!
{
	archiveVersion = 1;
	classes = {
	};
	objectVersion = 50;
	objects = {

/* Begin PBXBuildFile section */
		157526A323D25865007CC27C /* AppDelegate.swift in Sources */ = {isa = PBXBuildFile; fileRef = 157526A223D25865007CC27C /* AppDelegate.swift */; };
		157526A523D25865007CC27C /* SceneDelegate.swift in Sources */ = {isa = PBXBuildFile; fileRef = 157526A423D25865007CC27C /* SceneDelegate.swift */; };
		157526A723D25865007CC27C /* ContentView.swift in Sources */ = {isa = PBXBuildFile; fileRef = 157526A623D25865007CC27C /* ContentView.swift */; };
		157526A923D25865007CC27C /* Assets.xcassets in Resources */ = {isa = PBXBuildFile; fileRef = 157526A823D25865007CC27C /* Assets.xcassets */; };
		157526AC23D25865007CC27C /* Preview Assets.xcassets in Resources */ = {isa = PBXBuildFile; fileRef = 157526AB23D25865007CC27C /* Preview Assets.xcassets */; };
		157526AF23D25865007CC27C /* LaunchScreen.storyboard in Resources */ = {isa = PBXBuildFile; fileRef = 157526AD23D25865007CC27C /* LaunchScreen.storyboard */; };
		157526B823D258B8007CC27C /* Webservice.swift in Sources */ = {isa = PBXBuildFile; fileRef = 157526B723D258B8007CC27C /* Webservice.swift */; };
		157526BB23D258CB007CC27C /* Post.swift in Sources */ = {isa = PBXBuildFile; fileRef = 157526BA23D258CB007CC27C /* Post.swift */; };
		157526BE23D25B03007CC27C /* PostList.swift in Sources */ = {isa = PBXBuildFile; fileRef = 157526BD23D25B03007CC27C /* PostList.swift */; };
/* End PBXBuildFile section */

/* Begin PBXFileReference section */
		1575269F23D25865007CC27C /* Blog.app */ = {isa = PBXFileReference; explicitFileType = wrapper.application; includeInIndex = 0; path = Blog.app; sourceTree = BUILT_PRODUCTS_DIR; };
		157526A223D25865007CC27C /* AppDelegate.swift */ = {isa = PBXFileReference; lastKnownFileType = sourcecode.swift; path = AppDelegate.swift; sourceTree = "<group>"; };
		157526A423D25865007CC27C /* SceneDelegate.swift */ = {isa = PBXFileReference; lastKnownFileType = sourcecode.swift; path = SceneDelegate.swift; sourceTree = "<group>"; };
		157526A623D25865007CC27C /* ContentView.swift */ = {isa = PBXFileReference; lastKnownFileType = sourcecode.swift; path = ContentView.swift; sourceTree = "<group>"; };
		157526A823D25865007CC27C /* Assets.xcassets */ = {isa = PBXFileReference; lastKnownFileType = folder.assetcatalog; path = Assets.xcassets; sourceTree = "<group>"; };
		157526AB23D25865007CC27C /* Preview Assets.xcassets */ = {isa = PBXFileReference; lastKnownFileType = folder.assetcatalog; path = "Preview Assets.xcassets"; sourceTree = "<group>"; };
		157526AE23D25865007CC27C /* Base */ = {isa = PBXFileReference; lastKnownFileType = file.storyboard; name = Base; path = Base.lproj/LaunchScreen.storyboard; sourceTree = "<group>"; };
		157526B023D25865007CC27C /* Info.plist */ = {isa = PBXFileReference; lastKnownFileType = text.plist.xml; path = Info.plist; sourceTree = "<group>"; };
		157526B723D258B8007CC27C /* Webservice.swift */ = {isa = PBXFileReference; lastKnownFileType = sourcecode.swift; path = Webservice.swift; sourceTree = "<group>"; };
		157526BA23D258CB007CC27C /* Post.swift */ = {isa = PBXFileReference; lastKnownFileType = sourcecode.swift; path = Post.swift; sourceTree = "<group>"; };
		157526BD23D25B03007CC27C /* PostList.swift */ = {isa = PBXFileReference; lastKnownFileType = sourcecode.swift; path = PostList.swift; sourceTree = "<group>"; };
/* End PBXFileReference section */

/* Begin PBXFrameworksBuildPhase section */
		1575269C23D25865007CC27C /* Frameworks */ = {
			isa = PBXFrameworksBuildPhase;
			buildActionMask = 2147483647;
			files = (
			);
			runOnlyForDeploymentPostprocessing = 0;
		};
/* End PBXFrameworksBuildPhase section */

/* Begin PBXGroup section */
		1575269623D25865007CC27C = {
			isa = PBXGroup;
			children = (
				157526A123D25865007CC27C /* Blog */,
				157526A023D25865007CC27C /* Products */,
			);
			sourceTree = "<group>";
		};
		157526A023D25865007CC27C /* Products */ = {
			isa = PBXGroup;
			children = (
				1575269F23D25865007CC27C /* Blog.app */,
			);
			name = Products;
			sourceTree = "<group>";
		};
		157526A123D25865007CC27C /* Blog */ = {
			isa = PBXGroup;
			children = (
				157526BC23D25AE4007CC27C /* View Model */,
				157526B923D258BC007CC27C /* Model */,
				157526B623D258A4007CC27C /* Services */,
				157526A223D25865007CC27C /* AppDelegate.swift */,
				157526A423D25865007CC27C /* SceneDelegate.swift */,
				157526A623D25865007CC27C /* ContentView.swift */,
				157526A823D25865007CC27C /* Assets.xcassets */,
				157526AD23D25865007CC27C /* LaunchScreen.storyboard */,
				157526B023D25865007CC27C /* Info.plist */,
				157526AA23D25865007CC27C /* Preview Content */,
			);
			path = Blog;
			sourceTree = "<group>";
		};
		157526AA23D25865007CC27C /* Preview Content */ = {
			isa = PBXGroup;
			children = (
				157526AB23D25865007CC27C /* Preview Assets.xcassets */,
			);
			path = "Preview Content";
			sourceTree = "<group>";
		};
		157526B623D258A4007CC27C /* Services */ = {
			isa = PBXGroup;
			children = (
				157526B723D258B8007CC27C /* Webservice.swift */,
			);
			path = Services;
			sourceTree = "<group>";
		};
		157526B923D258BC007CC27C /* Model */ = {
			isa = PBXGroup;
			children = (
				157526BA23D258CB007CC27C /* Post.swift */,
			);
			path = Model;
			sourceTree = "<group>";
		};
		157526BC23D25AE4007CC27C /* View Model */ = {
			isa = PBXGroup;
			children = (
				157526BD23D25B03007CC27C /* PostList.swift */,
			);
			path = "View Model";
			sourceTree = "<group>";
		};
/* End PBXGroup section */

/* Begin PBXNativeTarget section */
		1575269E23D25865007CC27C /* Blog */ = {
			isa = PBXNativeTarget;
			buildConfigurationList = 157526B323D25865007CC27C /* Build configuration list for PBXNativeTarget "Blog" */;
			buildPhases = (
				1575269B23D25865007CC27C /* Sources */,
				1575269C23D25865007CC27C /* Frameworks */,
				1575269D23D25865007CC27C /* Resources */,
			);
			buildRules = (
			);
			dependencies = (
			);
			name = Blog;
			productName = Blog;
			productReference = 1575269F23D25865007CC27C /* Blog.app */;
			productType = "com.apple.product-type.application";
		};
/* End PBXNativeTarget section */

/* Begin PBXProject section */
		1575269723D25865007CC27C /* Project object */ = {
			isa = PBXProject;
			attributes = {
				LastSwiftUpdateCheck = 1130;
				LastUpgradeCheck = 1130;
				ORGANIZATIONNAME = CocoaSwift;
				TargetAttributes = {
					1575269E23D25865007CC27C = {
						CreatedOnToolsVersion = 11.3.1;
					};
				};
			};
			buildConfigurationList = 1575269A23D25865007CC27C /* Build configuration list for PBXProject "Blog" */;
			compatibilityVersion = "Xcode 9.3";
			developmentRegion = en;
			hasScannedForEncodings = 0;
			knownRegions = (
				en,
				Base,
			);
			mainGroup = 1575269623D25865007CC27C;
			productRefGroup = 157526A023D25865007CC27C /* Products */;
			projectDirPath = "";
			projectRoot = "";
			targets = (
				1575269E23D25865007CC27C /* Blog */,
			);
		};
/* End PBXProject section */

/* Begin PBXResourcesBuildPhase section */
		1575269D23D25865007CC27C /* Resources */ = {
			isa = PBXResourcesBuildPhase;
			buildActionMask = 2147483647;
			files = (
				157526AF23D25865007CC27C /* LaunchScreen.storyboard in Resources */,
				157526AC23D25865007CC27C /* Preview Assets.xcassets in Resources */,
				157526A923D25865007CC27C /* Assets.xcassets in Resources */,
			);
			runOnlyForDeploymentPostprocessing = 0;
		};
/* End PBXResourcesBuildPhase section */

/* Begin PBXSourcesBuildPhase section */
		1575269B23D25865007CC27C /* Sources */ = {
			isa = PBXSourcesBuildPhase;
			buildActionMask = 2147483647;
			files = (
				157526A323D25865007CC27C /* AppDelegate.swift in Sources */,
				157526BE23D25B03007CC27C /* PostList.swift in Sources */,
				157526A523D25865007CC27C /* SceneDelegate.swift in Sources */,
				157526B823D258B8007CC27C /* Webservice.swift in Sources */,
				157526A723D25865007CC27C /* ContentView.swift in Sources */,
				157526BB23D258CB007CC27C /* Post.swift in Sources */,
			);
			runOnlyForDeploymentPostprocessing = 0;
		};
/* End PBXSourcesBuildPhase section */

/* Begin PBXVariantGroup section */
		157526AD23D25865007CC27C /* LaunchScreen.storyboard */ = {
			isa = PBXVariantGroup;
			children = (
				157526AE23D25865007CC27C /* Base */,
			);
			name = LaunchScreen.storyboard;
			sourceTree = "<group>";
		};
/* End PBXVariantGroup section */

/* Begin XCBuildConfiguration section */
		157526B123D25865007CC27C /* Debug */ = {
			isa = XCBuildConfiguration;
			buildSettings = {
				ALWAYS_SEARCH_USER_PATHS = NO;
				CLANG_ANALYZER_NONNULL = YES;
				CLANG_ANALYZER_NUMBER_OBJECT_CONVERSION = YES_AGGRESSIVE;
				CLANG_CXX_LANGUAGE_STANDARD = "gnu++14";
				CLANG_CXX_LIBRARY = "libc++";
				CLANG_ENABLE_MODULES = YES;
				CLANG_ENABLE_OBJC_ARC = YES;
				CLANG_ENABLE_OBJC_WEAK = YES;
				CLANG_WARN_BLOCK_CAPTURE_AUTORELEASING = YES;
				CLANG_WARN_BOOL_CONVERSION = YES;
				CLANG_WARN_COMMA = YES;
				CLANG_WARN_CONSTANT_CONVERSION = YES;
				CLANG_WARN_DEPRECATED_OBJC_IMPLEMENTATIONS = YES;
				CLANG_WARN_DIRECT_OBJC_ISA_USAGE = YES_ERROR;
				CLANG_WARN_DOCUMENTATION_COMMENTS = YES;
				CLANG_WARN_EMPTY_BODY = YES;
				CLANG_WARN_ENUM_CONVERSION = YES;
				CLANG_WARN_INFINITE_RECURSION = YES;
				CLANG_WARN_INT_CONVERSION = YES;
				CLANG_WARN_NON_LITERAL_NULL_CONVERSION = YES;
				CLANG_WARN_OBJC_IMPLICIT_RETAIN_SELF = YES;
				CLANG_WARN_OBJC_LITERAL_CONVERSION = YES;
				CLANG_WARN_OBJC_ROOT_CLASS = YES_ERROR;
				CLANG_WARN_RANGE_LOOP_ANALYSIS = YES;
				CLANG_WARN_STRICT_PROTOTYPES = YES;
				CLANG_WARN_SUSPICIOUS_MOVE = YES;
				CLANG_WARN_UNGUARDED_AVAILABILITY = YES_AGGRESSIVE;
				CLANG_WARN_UNREACHABLE_CODE = YES;
				CLANG_WARN__DUPLICATE_METHOD_MATCH = YES;
				COPY_PHASE_STRIP = NO;
				DEBUG_INFORMATION_FORMAT = dwarf;
				ENABLE_STRICT_OBJC_MSGSEND = YES;
				ENABLE_TESTABILITY = YES;
				GCC_C_LANGUAGE_STANDARD = gnu11;
				GCC_DYNAMIC_NO_PIC = NO;
				GCC_NO_COMMON_BLOCKS = YES;
				GCC_OPTIMIZATION_LEVEL = 0;
				GCC_PREPROCESSOR_DEFINITIONS = (
					"DEBUG=1",
					"$(inherited)",
				);
				GCC_WARN_64_TO_32_BIT_CONVERSION = YES;
				GCC_WARN_ABOUT_RETURN_TYPE = YES_ERROR;
				GCC_WARN_UNDECLARED_SELECTOR = YES;
				GCC_WARN_UNINITIALIZED_AUTOS = YES_AGGRESSIVE;
				GCC_WARN_UNUSED_FUNCTION = YES;
				GCC_WARN_UNUSED_VARIABLE = YES;
				IPHONEOS_DEPLOYMENT_TARGET = 13.2;
				MTL_ENABLE_DEBUG_INFO = INCLUDE_SOURCE;
				MTL_FAST_MATH = YES;
				ONLY_ACTIVE_ARCH = YES;
				SDKROOT = iphoneos;
				SWIFT_ACTIVE_COMPILATION_CONDITIONS = DEBUG;
				SWIFT_OPTIMIZATION_LEVEL = "-Onone";
			};
			name = Debug;
		};
		157526B223D25865007CC27C /* Release */ = {
			isa = XCBuildConfiguration;
			buildSettings = {
				ALWAYS_SEARCH_USER_PATHS = NO;
				CLANG_ANALYZER_NONNULL = YES;
				CLANG_ANALYZER_NUMBER_OBJECT_CONVERSION = YES_AGGRESSIVE;
				CLANG_CXX_LANGUAGE_STANDARD = "gnu++14";
				CLANG_CXX_LIBRARY = "libc++";
				CLANG_ENABLE_MODULES = YES;
				CLANG_ENABLE_OBJC_ARC = YES;
				CLANG_ENABLE_OBJC_WEAK = YES;
				CLANG_WARN_BLOCK_CAPTURE_AUTORELEASING = YES;
				CLANG_WARN_BOOL_CONVERSION = YES;
				CLANG_WARN_COMMA = YES;
				CLANG_WARN_CONSTANT_CONVERSION = YES;
				CLANG_WARN_DEPRECATED_OBJC_IMPLEMENTATIONS = YES;
				CLANG_WARN_DIRECT_OBJC_ISA_USAGE = YES_ERROR;
				CLANG_WARN_DOCUMENTATION_COMMENTS = YES;
				CLANG_WARN_EMPTY_BODY = YES;
				CLANG_WARN_ENUM_CONVERSION = YES;
				CLANG_WARN_INFINITE_RECURSION = YES;
				CLANG_WARN_INT_CONVERSION = YES;
				CLANG_WARN_NON_LITERAL_NULL_CONVERSION = YES;
				CLANG_WARN_OBJC_IMPLICIT_RETAIN_SELF = YES;
				CLANG_WARN_OBJC_LITERAL_CONVERSION = YES;
				CLANG_WARN_OBJC_ROOT_CLASS = YES_ERROR;
				CLANG_WARN_RANGE_LOOP_ANALYSIS = YES;
				CLANG_WARN_STRICT_PROTOTYPES = YES;
				CLANG_WARN_SUSPICIOUS_MOVE = YES;
				CLANG_WARN_UNGUARDED_AVAILABILITY = YES_AGGRESSIVE;
				CLANG_WARN_UNREACHABLE_CODE = YES;
				CLANG_WARN__DUPLICATE_METHOD_MATCH = YES;
				COPY_PHASE_STRIP = NO;
				DEBUG_INFORMATION_FORMAT = "dwarf-with-dsym";
				ENABLE_NS_ASSERTIONS = NO;
				ENABLE_STRICT_OBJC_MSGSEND = YES;
				GCC_C_LANGUAGE_STANDARD = gnu11;
				GCC_NO_COMMON_BLOCKS = YES;
				GCC_WARN_64_TO_32_BIT_CONVERSION = YES;
				GCC_WARN_ABOUT_RETURN_TYPE = YES_ERROR;
				GCC_WARN_UNDECLARED_SELECTOR = YES;
				GCC_WARN_UNINITIALIZED_AUTOS = YES_AGGRESSIVE;
				GCC_WARN_UNUSED_FUNCTION = YES;
				GCC_WARN_UNUSED_VARIABLE = YES;
				IPHONEOS_DEPLOYMENT_TARGET = 13.2;
				MTL_ENABLE_DEBUG_INFO = NO;
				MTL_FAST_MATH = YES;
				SDKROOT = iphoneos;
				SWIFT_COMPILATION_MODE = wholemodule;
				SWIFT_OPTIMIZATION_LEVEL = "-O";
				VALIDATE_PRODUCT = YES;
			};
			name = Release;
		};
		157526B423D25865007CC27C /* Debug */ = {
			isa = XCBuildConfiguration;
			buildSettings = {
				ASSETCATALOG_COMPILER_APPICON_NAME = AppIcon;
				CODE_SIGN_STYLE = Automatic;
				DEVELOPMENT_ASSET_PATHS = "\"Blog/Preview Content\"";
				ENABLE_PREVIEWS = YES;
				INFOPLIST_FILE = Blog/Info.plist;
				LD_RUNPATH_SEARCH_PATHS = (
					"$(inherited)",
					"@executable_path/Frameworks",
				);
				PRODUCT_BUNDLE_IDENTIFIER = com.CocoaSwift.Blog;
				PRODUCT_NAME = "$(TARGET_NAME)";
				SWIFT_VERSION = 5.0;
				TARGETED_DEVICE_FAMILY = "1,2";
			};
			name = Debug;
		};
		157526B523D25865007CC27C /* Release */ = {
			isa = XCBuildConfiguration;
			buildSettings = {
				ASSETCATALOG_COMPILER_APPICON_NAME = AppIcon;
				CODE_SIGN_STYLE = Automatic;
				DEVELOPMENT_ASSET_PATHS = "\"Blog/Preview Content\"";
				ENABLE_PREVIEWS = YES;
				INFOPLIST_FILE = Blog/Info.plist;
				LD_RUNPATH_SEARCH_PATHS = (
					"$(inherited)",
					"@executable_path/Frameworks",
				);
				PRODUCT_BUNDLE_IDENTIFIER = com.CocoaSwift.Blog;
				PRODUCT_NAME = "$(TARGET_NAME)";
				SWIFT_VERSION = 5.0;
				TARGETED_DEVICE_FAMILY = "1,2";
			};
			name = Release;
		};
/* End XCBuildConfiguration section */

/* Begin XCConfigurationList section */
		1575269A23D25865007CC27C /* Build configuration list for PBXProject "Blog" */ = {
			isa = XCConfigurationList;
			buildConfigurations = (
				157526B123D25865007CC27C /* Debug */,
				157526B223D25865007CC27C /* Release */,
			);
			defaultConfigurationIsVisible = 0;
			defaultConfigurationName = Release;
		};
		157526B323D25865007CC27C /* Build configuration list for PBXNativeTarget "Blog" */ = {
			isa = XCConfigurationList;
			buildConfigurations = (
				157526B423D25865007CC27C /* Debug */,
				157526B523D25865007CC27C /* Release */,
			);
			defaultConfigurationIsVisible = 0;
			defaultConfigurationName = Release;
		};
/* End XCConfigurationList section */
	};
	rootObject = 1575269723D25865007CC27C /* Project object */;
}
